
Microsoft Visual Studio Solution File, Format Version 12.00
# Visual Studio Version 17
VisualStudioVersion = 17.5.002.0
MinimumVisualStudioVersion = 10.0.40219.1
Project("{9A19103F-16F7-4668-BE54-9A1E7A4F7556}") = "ex0010_sum_of_two", "ex0010_sum_of_two\ex0010_sum_of_two.csproj", "{F6A6A859-2585-47C2-AE04-5A7310648E61}"
EndProject
Project("{FAE04EC0-301F-11D3-BF4B-00C04F79EFBC}") = "ex0011_literals", "ex0011_literals\ex0011_literals.csproj", "{B51F89D0-421A-4233-9618-BC963BDCD482}"
EndProject
Project("{FAE04EC0-301F-11D3-BF4B-00C04F79EFBC}") = "ex0012_default_namespaces", "ex0012_default_namespaces\ex0012_default_namespaces.csproj", "{AA5559D4-AA7B-4CC3-BA0E-4634778145F8}"
EndProject
Project("{FAE04EC0-301F-11D3-BF4B-00C04F79EFBC}") = "ex0013_disable_default_namespace", "ex0013_disable_default_namespace\ex0013_disable_default_namespace.csproj", "{3199E006-5377-4653-BC26-F8F6C0B8624A}"
EndProject
Project("{FAE04EC0-301F-11D3-BF4B-00C04F79EFBC}") = "ex0014_global_using", "ex0014_global_using\ex0014_global_using.csproj", "{CA3BAF4A-4341-497A-A69F-08E0808ADF01}"
EndProject
Project("{FAE04EC0-301F-11D3-BF4B-00C04F79EFBC}") = "ex0014_pt01", "ex0014_pt01\ex0014_pt01.csproj", "{BC4E9C20-6ED1-4027-9513-40BEB5385D83}"
EndProject
Project("{FAE04EC0-301F-11D3-BF4B-00C04F79EFBC}") = "ex0015_integer_vars", "ex0015_integer_vars\ex0015_integer_vars.csproj", "{B6D5F3F3-A1B6-4D65-B450-2BB8AD1941DD}"
EndProject
Project("{FAE04EC0-301F-11D3-BF4B-00C04F79EFBC}") = "ex0016_int_literals", "ex0016_int_literals\ex0016_int_literals.csproj", "{13D8EBFF-8F8B-48E4-9490-FE9E9461D84F}"
EndProject
Project("{FAE04EC0-301F-11D3-BF4B-00C04F79EFBC}") = "ex0018_int_operations", "ex0018_int_operations\ex0018_int_operations.csproj", "{FE282F05-1892-4B5D-9529-BCF7CCE5E7AF}"
EndProject
Project("{FAE04EC0-301F-11D3-BF4B-00C04F79EFBC}") = "ex0017_int_leterals_default_type", "ex0017_int_leterals_default_type\ex0017_int_leterals_default_type.csproj", "{74B4DBF2-22F2-4FB6-AD39-12E045367388}"
EndProject
Project("{FAE04EC0-301F-11D3-BF4B-00C04F79EFBC}") = "ex0019_real_vars", "ex0019_real_vars\ex0019_real_vars.csproj", "{D0DE301C-6741-4F8F-8E29-9D8346150B56}"
EndProject
Project("{FAE04EC0-301F-11D3-BF4B-00C04F79EFBC}") = "ex0020_double_decimal", "ex0020_double_decimal\ex0020_double_decimal.csproj", "{E8A06154-723C-4C7F-8C47-A7F40C0785B4}"
EndProject
Project("{FAE04EC0-301F-11D3-BF4B-00C04F79EFBC}") = "ex0021_real_literals", "ex0021_real_literals\ex0021_real_literals.csproj", "{2368297A-9CC5-4D03-A4AD-F0A895F58F05}"
EndProject
Project("{FAE04EC0-301F-11D3-BF4B-00C04F79EFBC}") = "ex0022_real_spec_val", "ex0022_real_spec_val\ex0022_real_spec_val.csproj", "{7E4E74C0-59BE-45CB-8B5F-85F89F053571}"
EndProject
Project("{FAE04EC0-301F-11D3-BF4B-00C04F79EFBC}") = "ex0023_real_operations", "ex0023_real_operations\ex0023_real_operations.csproj", "{DD88B02B-96F2-47ED-8BFA-8ECED621B2C2}"
EndProject
Project("{FAE04EC0-301F-11D3-BF4B-00C04F79EFBC}") = "ex0024_additional_types", "ex0024_additional_types\ex0024_additional_types.csproj", "{A9367AFE-B43C-4F3F-904E-B616C6B15C24}"
EndProject
Project("{FAE04EC0-301F-11D3-BF4B-00C04F79EFBC}") = "ex0025_unsafe_code", "ex0025_unsafe_code\ex0025_unsafe_code.csproj", "{64AC9042-34D8-44A3-BD35-18F99EF1847C}"
EndProject
Project("{FAE04EC0-301F-11D3-BF4B-00C04F79EFBC}") = "ex0027_bool_var", "ex0026_bool_var\ex0026_bool_var.csproj", "{0689AD26-0D25-4B08-8917-8598404E341C}"
EndProject
Project("{FAE04EC0-301F-11D3-BF4B-00C04F79EFBC}") = "ex0026_bool_operations", "ex0027_bool_operations\ex0027_bool_operations.csproj", "{8349666C-DB4D-41C9-B9AB-2847A09C9E52}"
EndProject
Global
	GlobalSection(SolutionConfigurationPlatforms) = preSolution
		Debug|Any CPU = Debug|Any CPU
		Release|Any CPU = Release|Any CPU
	EndGlobalSection
	GlobalSection(ProjectConfigurationPlatforms) = postSolution
		{F6A6A859-2585-47C2-AE04-5A7310648E61}.Debug|Any CPU.ActiveCfg = Debug|Any CPU
		{F6A6A859-2585-47C2-AE04-5A7310648E61}.Debug|Any CPU.Build.0 = Debug|Any CPU
		{F6A6A859-2585-47C2-AE04-5A7310648E61}.Release|Any CPU.ActiveCfg = Release|Any CPU
		{F6A6A859-2585-47C2-AE04-5A7310648E61}.Release|Any CPU.Build.0 = Release|Any CPU
		{B51F89D0-421A-4233-9618-BC963BDCD482}.Debug|Any CPU.ActiveCfg = Debug|Any CPU
		{B51F89D0-421A-4233-9618-BC963BDCD482}.Debug|Any CPU.Build.0 = Debug|Any CPU
		{B51F89D0-421A-4233-9618-BC963BDCD482}.Release|Any CPU.ActiveCfg = Release|Any CPU
		{B51F89D0-421A-4233-9618-BC963BDCD482}.Release|Any CPU.Build.0 = Release|Any CPU
		{AA5559D4-AA7B-4CC3-BA0E-4634778145F8}.Debug|Any CPU.ActiveCfg = Debug|Any CPU
		{AA5559D4-AA7B-4CC3-BA0E-4634778145F8}.Debug|Any CPU.Build.0 = Debug|Any CPU
		{AA5559D4-AA7B-4CC3-BA0E-4634778145F8}.Release|Any CPU.ActiveCfg = Release|Any CPU
		{AA5559D4-AA7B-4CC3-BA0E-4634778145F8}.Release|Any CPU.Build.0 = Release|Any CPU
		{3199E006-5377-4653-BC26-F8F6C0B8624A}.Debug|Any CPU.ActiveCfg = Debug|Any CPU
		{3199E006-5377-4653-BC26-F8F6C0B8624A}.Debug|Any CPU.Build.0 = Debug|Any CPU
		{3199E006-5377-4653-BC26-F8F6C0B8624A}.Release|Any CPU.ActiveCfg = Release|Any CPU
		{3199E006-5377-4653-BC26-F8F6C0B8624A}.Release|Any CPU.Build.0 = Release|Any CPU
		{CA3BAF4A-4341-497A-A69F-08E0808ADF01}.Debug|Any CPU.ActiveCfg = Debug|Any CPU
		{CA3BAF4A-4341-497A-A69F-08E0808ADF01}.Debug|Any CPU.Build.0 = Debug|Any CPU
		{CA3BAF4A-4341-497A-A69F-08E0808ADF01}.Release|Any CPU.ActiveCfg = Release|Any CPU
		{CA3BAF4A-4341-497A-A69F-08E0808ADF01}.Release|Any CPU.Build.0 = Release|Any CPU
		{BC4E9C20-6ED1-4027-9513-40BEB5385D83}.Debug|Any CPU.ActiveCfg = Debug|Any CPU
		{BC4E9C20-6ED1-4027-9513-40BEB5385D83}.Debug|Any CPU.Build.0 = Debug|Any CPU
		{BC4E9C20-6ED1-4027-9513-40BEB5385D83}.Release|Any CPU.ActiveCfg = Release|Any CPU
		{BC4E9C20-6ED1-4027-9513-40BEB5385D83}.Release|Any CPU.Build.0 = Release|Any CPU
		{B6D5F3F3-A1B6-4D65-B450-2BB8AD1941DD}.Debug|Any CPU.ActiveCfg = Debug|Any CPU
		{B6D5F3F3-A1B6-4D65-B450-2BB8AD1941DD}.Debug|Any CPU.Build.0 = Debug|Any CPU
		{B6D5F3F3-A1B6-4D65-B450-2BB8AD1941DD}.Release|Any CPU.ActiveCfg = Release|Any CPU
		{B6D5F3F3-A1B6-4D65-B450-2BB8AD1941DD}.Release|Any CPU.Build.0 = Release|Any CPU
		{13D8EBFF-8F8B-48E4-9490-FE9E9461D84F}.Debug|Any CPU.ActiveCfg = Debug|Any CPU
		{13D8EBFF-8F8B-48E4-9490-FE9E9461D84F}.Debug|Any CPU.Build.0 = Debug|Any CPU
		{13D8EBFF-8F8B-48E4-9490-FE9E9461D84F}.Release|Any CPU.ActiveCfg = Release|Any CPU
		{13D8EBFF-8F8B-48E4-9490-FE9E9461D84F}.Release|Any CPU.Build.0 = Release|Any CPU
		{FE282F05-1892-4B5D-9529-BCF7CCE5E7AF}.Debug|Any CPU.ActiveCfg = Debug|Any CPU
		{FE282F05-1892-4B5D-9529-BCF7CCE5E7AF}.Debug|Any CPU.Build.0 = Debug|Any CPU
		{FE282F05-1892-4B5D-9529-BCF7CCE5E7AF}.Release|Any CPU.ActiveCfg = Release|Any CPU
		{FE282F05-1892-4B5D-9529-BCF7CCE5E7AF}.Release|Any CPU.Build.0 = Release|Any CPU
		{74B4DBF2-22F2-4FB6-AD39-12E045367388}.Debug|Any CPU.ActiveCfg = Debug|Any CPU
		{74B4DBF2-22F2-4FB6-AD39-12E045367388}.Debug|Any CPU.Build.0 = Debug|Any CPU
		{74B4DBF2-22F2-4FB6-AD39-12E045367388}.Release|Any CPU.ActiveCfg = Release|Any CPU
		{74B4DBF2-22F2-4FB6-AD39-12E045367388}.Release|Any CPU.Build.0 = Release|Any CPU
		{D0DE301C-6741-4F8F-8E29-9D8346150B56}.Debug|Any CPU.ActiveCfg = Debug|Any CPU
		{D0DE301C-6741-4F8F-8E29-9D8346150B56}.Debug|Any CPU.Build.0 = Debug|Any CPU
		{D0DE301C-6741-4F8F-8E29-9D8346150B56}.Release|Any CPU.ActiveCfg = Release|Any CPU
		{D0DE301C-6741-4F8F-8E29-9D8346150B56}.Release|Any CPU.Build.0 = Release|Any CPU
		{E8A06154-723C-4C7F-8C47-A7F40C0785B4}.Debug|Any CPU.ActiveCfg = Debug|Any CPU
		{E8A06154-723C-4C7F-8C47-A7F40C0785B4}.Debug|Any CPU.Build.0 = Debug|Any CPU
		{E8A06154-723C-4C7F-8C47-A7F40C0785B4}.Release|Any CPU.ActiveCfg = Release|Any CPU
		{E8A06154-723C-4C7F-8C47-A7F40C0785B4}.Release|Any CPU.Build.0 = Release|Any CPU
		{2368297A-9CC5-4D03-A4AD-F0A895F58F05}.Debug|Any CPU.ActiveCfg = Debug|Any CPU
		{2368297A-9CC5-4D03-A4AD-F0A895F58F05}.Debug|Any CPU.Build.0 = Debug|Any CPU
		{2368297A-9CC5-4D03-A4AD-F0A895F58F05}.Release|Any CPU.ActiveCfg = Release|Any CPU
		{2368297A-9CC5-4D03-A4AD-F0A895F58F05}.Release|Any CPU.Build.0 = Release|Any CPU
		{7E4E74C0-59BE-45CB-8B5F-85F89F053571}.Debug|Any CPU.ActiveCfg = Debug|Any CPU
		{7E4E74C0-59BE-45CB-8B5F-85F89F053571}.Debug|Any CPU.Build.0 = Debug|Any CPU
		{7E4E74C0-59BE-45CB-8B5F-85F89F053571}.Release|Any CPU.ActiveCfg = Release|Any CPU
		{7E4E74C0-59BE-45CB-8B5F-85F89F053571}.Release|Any CPU.Build.0 = Release|Any CPU
		{DD88B02B-96F2-47ED-8BFA-8ECED621B2C2}.Debug|Any CPU.ActiveCfg = Debug|Any CPU
		{DD88B02B-96F2-47ED-8BFA-8ECED621B2C2}.Debug|Any CPU.Build.0 = Debug|Any CPU
		{DD88B02B-96F2-47ED-8BFA-8ECED621B2C2}.Release|Any CPU.ActiveCfg = Release|Any CPU
		{DD88B02B-96F2-47ED-8BFA-8ECED621B2C2}.Release|Any CPU.Build.0 = Release|Any CPU
		{A9367AFE-B43C-4F3F-904E-B616C6B15C24}.Debug|Any CPU.ActiveCfg = Debug|Any CPU
		{A9367AFE-B43C-4F3F-904E-B616C6B15C24}.Debug|Any CPU.Build.0 = Debug|Any CPU
		{A9367AFE-B43C-4F3F-904E-B616C6B15C24}.Release|Any CPU.ActiveCfg = Release|Any CPU
		{A9367AFE-B43C-4F3F-904E-B616C6B15C24}.Release|Any CPU.Build.0 = Release|Any CPU
		{64AC9042-34D8-44A3-BD35-18F99EF1847C}.Debug|Any CPU.ActiveCfg = Debug|Any CPU
		{64AC9042-34D8-44A3-BD35-18F99EF1847C}.Debug|Any CPU.Build.0 = Debug|Any CPU
		{64AC9042-34D8-44A3-BD35-18F99EF1847C}.Release|Any CPU.ActiveCfg = Release|Any CPU
		{64AC9042-34D8-44A3-BD35-18F99EF1847C}.Release|Any CPU.Build.0 = Release|Any CPU
		{0689AD26-0D25-4B08-8917-8598404E341C}.Debug|Any CPU.ActiveCfg = Debug|Any CPU
		{0689AD26-0D25-4B08-8917-8598404E341C}.Debug|Any CPU.Build.0 = Debug|Any CPU
		{0689AD26-0D25-4B08-8917-8598404E341C}.Release|Any CPU.ActiveCfg = Release|Any CPU
		{0689AD26-0D25-4B08-8917-8598404E341C}.Release|Any CPU.Build.0 = Release|Any CPU
		{8349666C-DB4D-41C9-B9AB-2847A09C9E52}.Debug|Any CPU.ActiveCfg = Debug|Any CPU
		{8349666C-DB4D-41C9-B9AB-2847A09C9E52}.Debug|Any CPU.Build.0 = Debug|Any CPU
		{8349666C-DB4D-41C9-B9AB-2847A09C9E52}.Release|Any CPU.ActiveCfg = Release|Any CPU
		{8349666C-DB4D-41C9-B9AB-2847A09C9E52}.Release|Any CPU.Build.0 = Release|Any CPU
	EndGlobalSection
	GlobalSection(SolutionProperties) = preSolution
		HideSolutionNode = FALSE
	EndGlobalSection
	GlobalSection(ExtensibilityGlobals) = postSolution
		SolutionGuid = {BB2BCB11-CA0E-4CDE-95DF-2F766ABE16BB}
	EndGlobalSection
EndGlobal
